// !$*UTF8*$!
{
	archiveVersion = 1;
	classes = {
	};
	objectVersion = 56;
	objects = {

/* Begin PBXBuildFile section */
		C1AC0FF32BCDD9CA00D35DCE /* SwiftUICharts in Frameworks */ = {isa = PBXBuildFile; productRef = C1AC0FF22BCDD9CA00D35DCE /* SwiftUICharts */; };
		C1B6B8062BCDA73300EE7C3D /* SwiftUIFontIcon in Frameworks */ = {isa = PBXBuildFile; productRef = C1B6B8052BCDA73300EE7C3D /* SwiftUIFontIcon */; };
		C1B6B8082BCDA7DE00EE7C3D /* TransactionListViewModel.swift in Sources */ = {isa = PBXBuildFile; fileRef = C1B6B8072BCDA7DE00EE7C3D /* TransactionListViewModel.swift */; };
		C1B6B80A2BCDACBB00EE7C3D /* RecentTransactionList.swift in Sources */ = {isa = PBXBuildFile; fileRef = C1B6B8092BCDACBB00EE7C3D /* RecentTransactionList.swift */; };
		C1B6B80C2BCDC39500EE7C3D /* Utils.swift in Sources */ = {isa = PBXBuildFile; fileRef = C1B6B80B2BCDC39500EE7C3D /* Utils.swift */; };
		C1C9DE9C2BCDD1EA00842AFE /* TransactionList.swift in Sources */ = {isa = PBXBuildFile; fileRef = C1C9DE9B2BCDD1EA00842AFE /* TransactionList.swift */; };
		C1C9DE9F2BCDD82200842AFE /* Collections in Frameworks */ = {isa = PBXBuildFile; productRef = C1C9DE9E2BCDD82200842AFE /* Collections */; };
		C1EF71742BCC9D8E00C39597 /* ExpenseTrackerApp.swift in Sources */ = {isa = PBXBuildFile; fileRef = C1EF71732BCC9D8E00C39597 /* ExpenseTrackerApp.swift */; };
		C1EF71762BCC9D8E00C39597 /* ContentView.swift in Sources */ = {isa = PBXBuildFile; fileRef = C1EF71752BCC9D8E00C39597 /* ContentView.swift */; };
		C1EF71782BCC9D8F00C39597 /* Assets.xcassets in Resources */ = {isa = PBXBuildFile; fileRef = C1EF71772BCC9D8F00C39597 /* Assets.xcassets */; };
		C1EF717B2BCC9D8F00C39597 /* Preview Assets.xcassets in Resources */ = {isa = PBXBuildFile; fileRef = C1EF717A2BCC9D8F00C39597 /* Preview Assets.xcassets */; };
		C1EF71822BCC9F4A00C39597 /* Extentions.swift in Sources */ = {isa = PBXBuildFile; fileRef = C1EF71812BCC9F4A00C39597 /* Extentions.swift */; };
		C1EF71842BCCA4D600C39597 /* TransactionModel.swift in Sources */ = {isa = PBXBuildFile; fileRef = C1EF71832BCCA4D600C39597 /* TransactionModel.swift */; };
		C1EF71862BCCA60B00C39597 /* PreviewData.swift in Sources */ = {isa = PBXBuildFile; fileRef = C1EF71852BCCA60B00C39597 /* PreviewData.swift */; };
		C1EF71882BCCA70500C39597 /* TransactionRow.swift in Sources */ = {isa = PBXBuildFile; fileRef = C1EF71872BCCA70500C39597 /* TransactionRow.swift */; };
/* End PBXBuildFile section */

/* Begin PBXFileReference section */
		C1B6B8072BCDA7DE00EE7C3D /* TransactionListViewModel.swift */ = {isa = PBXFileReference; lastKnownFileType = sourcecode.swift; path = TransactionListViewModel.swift; sourceTree = "<group>"; };
		C1B6B8092BCDACBB00EE7C3D /* RecentTransactionList.swift */ = {isa = PBXFileReference; lastKnownFileType = sourcecode.swift; path = RecentTransactionList.swift; sourceTree = "<group>"; };
		C1B6B80B2BCDC39500EE7C3D /* Utils.swift */ = {isa = PBXFileReference; lastKnownFileType = sourcecode.swift; path = Utils.swift; sourceTree = "<group>"; };
		C1C9DE9B2BCDD1EA00842AFE /* TransactionList.swift */ = {isa = PBXFileReference; lastKnownFileType = sourcecode.swift; path = TransactionList.swift; sourceTree = "<group>"; };
		C1EF71702BCC9D8E00C39597 /* ExpenseTracker.app */ = {isa = PBXFileReference; explicitFileType = wrapper.application; includeInIndex = 0; path = ExpenseTracker.app; sourceTree = BUILT_PRODUCTS_DIR; };
		C1EF71732BCC9D8E00C39597 /* ExpenseTrackerApp.swift */ = {isa = PBXFileReference; lastKnownFileType = sourcecode.swift; path = ExpenseTrackerApp.swift; sourceTree = "<group>"; };
		C1EF71752BCC9D8E00C39597 /* ContentView.swift */ = {isa = PBXFileReference; lastKnownFileType = sourcecode.swift; path = ContentView.swift; sourceTree = "<group>"; };
		C1EF71772BCC9D8F00C39597 /* Assets.xcassets */ = {isa = PBXFileReference; lastKnownFileType = folder.assetcatalog; path = Assets.xcassets; sourceTree = "<group>"; };
		C1EF717A2BCC9D8F00C39597 /* Preview Assets.xcassets */ = {isa = PBXFileReference; lastKnownFileType = folder.assetcatalog; path = "Preview Assets.xcassets"; sourceTree = "<group>"; };
		C1EF71812BCC9F4A00C39597 /* Extentions.swift */ = {isa = PBXFileReference; lastKnownFileType = sourcecode.swift; path = Extentions.swift; sourceTree = "<group>"; };
		C1EF71832BCCA4D600C39597 /* TransactionModel.swift */ = {isa = PBXFileReference; lastKnownFileType = sourcecode.swift; path = TransactionModel.swift; sourceTree = "<group>"; };
		C1EF71852BCCA60B00C39597 /* PreviewData.swift */ = {isa = PBXFileReference; lastKnownFileType = sourcecode.swift; path = PreviewData.swift; sourceTree = "<group>"; };
		C1EF71872BCCA70500C39597 /* TransactionRow.swift */ = {isa = PBXFileReference; lastKnownFileType = sourcecode.swift; path = TransactionRow.swift; sourceTree = "<group>"; };
/* End PBXFileReference section */

/* Begin PBXFrameworksBuildPhase section */
		C1EF716D2BCC9D8E00C39597 /* Frameworks */ = {
			isa = PBXFrameworksBuildPhase;
			buildActionMask = 2147483647;
			files = (
				C1AC0FF32BCDD9CA00D35DCE /* SwiftUICharts in Frameworks */,
				C1C9DE9F2BCDD82200842AFE /* Collections in Frameworks */,
				C1B6B8062BCDA73300EE7C3D /* SwiftUIFontIcon in Frameworks */,
			);
			runOnlyForDeploymentPostprocessing = 0;
		};
/* End PBXFrameworksBuildPhase section */

/* Begin PBXGroup section */
		C1EF71672BCC9D8E00C39597 = {
			isa = PBXGroup;
			children = (
				C1EF71722BCC9D8E00C39597 /* ExpenseTracker */,
				C1EF71712BCC9D8E00C39597 /* Products */,
			);
			sourceTree = "<group>";
		};
		C1EF71712BCC9D8E00C39597 /* Products */ = {
			isa = PBXGroup;
			children = (
				C1EF71702BCC9D8E00C39597 /* ExpenseTracker.app */,
			);
			name = Products;
			sourceTree = "<group>";
		};
		C1EF71722BCC9D8E00C39597 /* ExpenseTracker */ = {
			isa = PBXGroup;
			children = (
				C1EF71732BCC9D8E00C39597 /* ExpenseTrackerApp.swift */,
				C1EF71752BCC9D8E00C39597 /* ContentView.swift */,
				C1B6B8092BCDACBB00EE7C3D /* RecentTransactionList.swift */,
				C1EF71832BCCA4D600C39597 /* TransactionModel.swift */,
				C1EF71872BCCA70500C39597 /* TransactionRow.swift */,
				C1B6B8072BCDA7DE00EE7C3D /* TransactionListViewModel.swift */,
				C1C9DE9B2BCDD1EA00842AFE /* TransactionList.swift */,
				C1EF71812BCC9F4A00C39597 /* Extentions.swift */,
				C1B6B80B2BCDC39500EE7C3D /* Utils.swift */,
				C1EF71772BCC9D8F00C39597 /* Assets.xcassets */,
				C1EF71792BCC9D8F00C39597 /* Preview Content */,
			);
			path = ExpenseTracker;
			sourceTree = "<group>";
		};
		C1EF71792BCC9D8F00C39597 /* Preview Content */ = {
			isa = PBXGroup;
			children = (
				C1EF717A2BCC9D8F00C39597 /* Preview Assets.xcassets */,
				C1EF71852BCCA60B00C39597 /* PreviewData.swift */,
			);
			path = "Preview Content";
			sourceTree = "<group>";
		};
/* End PBXGroup section */

/* Begin PBXNativeTarget section */
		C1EF716F2BCC9D8E00C39597 /* ExpenseTracker */ = {
			isa = PBXNativeTarget;
			buildConfigurationList = C1EF717E2BCC9D9000C39597 /* Build configuration list for PBXNativeTarget "ExpenseTracker" */;
			buildPhases = (
				C1EF716C2BCC9D8E00C39597 /* Sources */,
				C1EF716D2BCC9D8E00C39597 /* Frameworks */,
				C1EF716E2BCC9D8E00C39597 /* Resources */,
			);
			buildRules = (
			);
			dependencies = (
			);
			name = ExpenseTracker;
			packageProductDependencies = (
				C1B6B8052BCDA73300EE7C3D /* SwiftUIFontIcon */,
				C1C9DE9E2BCDD82200842AFE /* Collections */,
				C1AC0FF22BCDD9CA00D35DCE /* SwiftUICharts */,
			);
			productName = ExpenseTracker;
			productReference = C1EF71702BCC9D8E00C39597 /* ExpenseTracker.app */;
			productType = "com.apple.product-type.application";
		};
/* End PBXNativeTarget section */

/* Begin PBXProject section */
		C1EF71682BCC9D8E00C39597 /* Project object */ = {
			isa = PBXProject;
			attributes = {
				BuildIndependentTargetsInParallel = 1;
				LastSwiftUpdateCheck = 1530;
				LastUpgradeCheck = 1530;
				TargetAttributes = {
					C1EF716F2BCC9D8E00C39597 = {
						CreatedOnToolsVersion = 15.3;
					};
				};
			};
			buildConfigurationList = C1EF716B2BCC9D8E00C39597 /* Build configuration list for PBXProject "ExpenseTracker" */;
			compatibilityVersion = "Xcode 14.0";
			developmentRegion = en;
			hasScannedForEncodings = 0;
			knownRegions = (
				en,
				Base,
			);
			mainGroup = C1EF71672BCC9D8E00C39597;
			packageReferences = (
				C1B6B8042BCDA73300EE7C3D /* XCRemoteSwiftPackageReference "SwiftUIFontIcon" */,
				C1C9DE9D2BCDD71F00842AFE /* XCRemoteSwiftPackageReference "swift-collections" */,
				C1AC0FF12BCDD9CA00D35DCE /* XCRemoteSwiftPackageReference "ChartView" */,
			);
			productRefGroup = C1EF71712BCC9D8E00C39597 /* Products */;
			projectDirPath = "";
			projectRoot = "";
			targets = (
				C1EF716F2BCC9D8E00C39597 /* ExpenseTracker */,
			);
		};
/* End PBXProject section */

/* Begin PBXResourcesBuildPhase section */
		C1EF716E2BCC9D8E00C39597 /* Resources */ = {
			isa = PBXResourcesBuildPhase;
			buildActionMask = 2147483647;
			files = (
				C1EF717B2BCC9D8F00C39597 /* Preview Assets.xcassets in Resources */,
				C1EF71782BCC9D8F00C39597 /* Assets.xcassets in Resources */,
			);
			runOnlyForDeploymentPostprocessing = 0;
		};
/* End PBXResourcesBuildPhase section */

/* Begin PBXSourcesBuildPhase section */
		C1EF716C2BCC9D8E00C39597 /* Sources */ = {
			isa = PBXSourcesBuildPhase;
			buildActionMask = 2147483647;
			files = (
				C1EF71862BCCA60B00C39597 /* PreviewData.swift in Sources */,
				C1B6B80A2BCDACBB00EE7C3D /* RecentTransactionList.swift in Sources */,
				C1B6B80C2BCDC39500EE7C3D /* Utils.swift in Sources */,
				C1EF71842BCCA4D600C39597 /* TransactionModel.swift in Sources */,
				C1EF71762BCC9D8E00C39597 /* ContentView.swift in Sources */,
				C1EF71882BCCA70500C39597 /* TransactionRow.swift in Sources */,
				C1C9DE9C2BCDD1EA00842AFE /* TransactionList.swift in Sources */,
				C1EF71742BCC9D8E00C39597 /* ExpenseTrackerApp.swift in Sources */,
				C1B6B8082BCDA7DE00EE7C3D /* TransactionListViewModel.swift in Sources */,
				C1EF71822BCC9F4A00C39597 /* Extentions.swift in Sources */,
			);
			runOnlyForDeploymentPostprocessing = 0;
		};
/* End PBXSourcesBuildPhase section */

/* Begin XCBuildConfiguration section */
		C1EF717C2BCC9D8F00C39597 /* Debug */ = {
			isa = XCBuildConfiguration;
			buildSettings = {
				ALWAYS_SEARCH_USER_PATHS = NO;
				ASSETCATALOG_COMPILER_GENERATE_SWIFT_ASSET_SYMBOL_EXTENSIONS = YES;
				CLANG_ANALYZER_NONNULL = YES;
				CLANG_ANALYZER_NUMBER_OBJECT_CONVERSION = YES_AGGRESSIVE;
				CLANG_CXX_LANGUAGE_STANDARD = "gnu++20";
				CLANG_ENABLE_MODULES = YES;
				CLANG_ENABLE_OBJC_ARC = YES;
				CLANG_ENABLE_OBJC_WEAK = YES;
				CLANG_WARN_BLOCK_CAPTURE_AUTORELEASING = YES;
				CLANG_WARN_BOOL_CONVERSION = YES;
				CLANG_WARN_COMMA = YES;
				CLANG_WARN_CONSTANT_CONVERSION = YES;
				CLANG_WARN_DEPRECATED_OBJC_IMPLEMENTATIONS = YES;
				CLANG_WARN_DIRECT_OBJC_ISA_USAGE = YES_ERROR;
				CLANG_WARN_DOCUMENTATION_COMMENTS = YES;
				CLANG_WARN_EMPTY_BODY = YES;
				CLANG_WARN_ENUM_CONVERSION = YES;
				CLANG_WARN_INFINITE_RECURSION = YES;
				CLANG_WARN_INT_CONVERSION = YES;
				CLANG_WARN_NON_LITERAL_NULL_CONVERSION = YES;
				CLANG_WARN_OBJC_IMPLICIT_RETAIN_SELF = YES;
				CLANG_WARN_OBJC_LITERAL_CONVERSION = YES;
				CLANG_WARN_OBJC_ROOT_CLASS = YES_ERROR;
				CLANG_WARN_QUOTED_INCLUDE_IN_FRAMEWORK_HEADER = YES;
				CLANG_WARN_RANGE_LOOP_ANALYSIS = YES;
				CLANG_WARN_STRICT_PROTOTYPES = YES;
				CLANG_WARN_SUSPICIOUS_MOVE = YES;
				CLANG_WARN_UNGUARDED_AVAILABILITY = YES_AGGRESSIVE;
				CLANG_WARN_UNREACHABLE_CODE = YES;
				CLANG_WARN__DUPLICATE_METHOD_MATCH = YES;
				COPY_PHASE_STRIP = NO;
				DEBUG_INFORMATION_FORMAT = dwarf;
				ENABLE_STRICT_OBJC_MSGSEND = YES;
				ENABLE_TESTABILITY = YES;
				ENABLE_USER_SCRIPT_SANDBOXING = YES;
				GCC_C_LANGUAGE_STANDARD = gnu17;
				GCC_DYNAMIC_NO_PIC = NO;
				GCC_NO_COMMON_BLOCKS = YES;
				GCC_OPTIMIZATION_LEVEL = 0;
				GCC_PREPROCESSOR_DEFINITIONS = (
					"DEBUG=1",
					"$(inherited)",
				);
				GCC_WARN_64_TO_32_BIT_CONVERSION = YES;
				GCC_WARN_ABOUT_RETURN_TYPE = YES_ERROR;
				GCC_WARN_UNDECLARED_SELECTOR = YES;
				GCC_WARN_UNINITIALIZED_AUTOS = YES_AGGRESSIVE;
				GCC_WARN_UNUSED_FUNCTION = YES;
				GCC_WARN_UNUSED_VARIABLE = YES;
				IPHONEOS_DEPLOYMENT_TARGET = 17.4;
				LOCALIZATION_PREFERS_STRING_CATALOGS = YES;
				MTL_ENABLE_DEBUG_INFO = INCLUDE_SOURCE;
				MTL_FAST_MATH = YES;
				ONLY_ACTIVE_ARCH = YES;
				SDKROOT = iphoneos;
				SWIFT_ACTIVE_COMPILATION_CONDITIONS = "DEBUG $(inherited)";
				SWIFT_OPTIMIZATION_LEVEL = "-Onone";
			};
			name = Debug;
		};
		C1EF717D2BCC9D8F00C39597 /* Release */ = {
			isa = XCBuildConfiguration;
			buildSettings = {
				ALWAYS_SEARCH_USER_PATHS = NO;
				ASSETCATALOG_COMPILER_GENERATE_SWIFT_ASSET_SYMBOL_EXTENSIONS = YES;
				CLANG_ANALYZER_NONNULL = YES;
				CLANG_ANALYZER_NUMBER_OBJECT_CONVERSION = YES_AGGRESSIVE;
				CLANG_CXX_LANGUAGE_STANDARD = "gnu++20";
				CLANG_ENABLE_MODULES = YES;
				CLANG_ENABLE_OBJC_ARC = YES;
				CLANG_ENABLE_OBJC_WEAK = YES;
				CLANG_WARN_BLOCK_CAPTURE_AUTORELEASING = YES;
				CLANG_WARN_BOOL_CONVERSION = YES;
				CLANG_WARN_COMMA = YES;
				CLANG_WARN_CONSTANT_CONVERSION = YES;
				CLANG_WARN_DEPRECATED_OBJC_IMPLEMENTATIONS = YES;
				CLANG_WARN_DIRECT_OBJC_ISA_USAGE = YES_ERROR;
				CLANG_WARN_DOCUMENTATION_COMMENTS = YES;
				CLANG_WARN_EMPTY_BODY = YES;
				CLANG_WARN_ENUM_CONVERSION = YES;
				CLANG_WARN_INFINITE_RECURSION = YES;
				CLANG_WARN_INT_CONVERSION = YES;
				CLANG_WARN_NON_LITERAL_NULL_CONVERSION = YES;
				CLANG_WARN_OBJC_IMPLICIT_RETAIN_SELF = YES;
				CLANG_WARN_OBJC_LITERAL_CONVERSION = YES;
				CLANG_WARN_OBJC_ROOT_CLASS = YES_ERROR;
				CLANG_WARN_QUOTED_INCLUDE_IN_FRAMEWORK_HEADER = YES;
				CLANG_WARN_RANGE_LOOP_ANALYSIS = YES;
				CLANG_WARN_STRICT_PROTOTYPES = YES;
				CLANG_WARN_SUSPICIOUS_MOVE = YES;
				CLANG_WARN_UNGUARDED_AVAILABILITY = YES_AGGRESSIVE;
				CLANG_WARN_UNREACHABLE_CODE = YES;
				CLANG_WARN__DUPLICATE_METHOD_MATCH = YES;
				COPY_PHASE_STRIP = NO;
				DEBUG_INFORMATION_FORMAT = "dwarf-with-dsym";
				ENABLE_NS_ASSERTIONS = NO;
				ENABLE_STRICT_OBJC_MSGSEND = YES;
				ENABLE_USER_SCRIPT_SANDBOXING = YES;
				GCC_C_LANGUAGE_STANDARD = gnu17;
				GCC_NO_COMMON_BLOCKS = YES;
				GCC_WARN_64_TO_32_BIT_CONVERSION = YES;
				GCC_WARN_ABOUT_RETURN_TYPE = YES_ERROR;
				GCC_WARN_UNDECLARED_SELECTOR = YES;
				GCC_WARN_UNINITIALIZED_AUTOS = YES_AGGRESSIVE;
				GCC_WARN_UNUSED_FUNCTION = YES;
				GCC_WARN_UNUSED_VARIABLE = YES;
				IPHONEOS_DEPLOYMENT_TARGET = 17.4;
				LOCALIZATION_PREFERS_STRING_CATALOGS = YES;
				MTL_ENABLE_DEBUG_INFO = NO;
				MTL_FAST_MATH = YES;
				SDKROOT = iphoneos;
				SWIFT_COMPILATION_MODE = wholemodule;
				VALIDATE_PRODUCT = YES;
			};
			name = Release;
		};
		C1EF717F2BCC9D9000C39597 /* Debug */ = {
			isa = XCBuildConfiguration;
			buildSettings = {
				ASSETCATALOG_COMPILER_APPICON_NAME = AppIcon;
				ASSETCATALOG_COMPILER_GLOBAL_ACCENT_COLOR_NAME = AccentColor;
				CODE_SIGN_STYLE = Automatic;
				CURRENT_PROJECT_VERSION = 1;
				DEVELOPMENT_ASSET_PATHS = "\"ExpenseTracker/Preview Content\"";
				DEVELOPMENT_TEAM = 2GG6WSV6PN;
				ENABLE_PREVIEWS = YES;
				GENERATE_INFOPLIST_FILE = YES;
				INFOPLIST_KEY_UIApplicationSceneManifest_Generation = YES;
				INFOPLIST_KEY_UIApplicationSupportsIndirectInputEvents = YES;
				INFOPLIST_KEY_UILaunchScreen_Generation = YES;
				INFOPLIST_KEY_UISupportedInterfaceOrientations_iPad = "UIInterfaceOrientationPortrait UIInterfaceOrientationPortraitUpsideDown UIInterfaceOrientationLandscapeLeft UIInterfaceOrientationLandscapeRight";
				INFOPLIST_KEY_UISupportedInterfaceOrientations_iPhone = "UIInterfaceOrientationPortrait UIInterfaceOrientationLandscapeLeft UIInterfaceOrientationLandscapeRight";
				LD_RUNPATH_SEARCH_PATHS = (
					"$(inherited)",
					"@executable_path/Frameworks",
				);
				MARKETING_VERSION = 1.0;
				PRODUCT_BUNDLE_IDENTIFIER = com.aboutmohit.ExpenseTracker;
				PRODUCT_NAME = "$(TARGET_NAME)";
				SWIFT_EMIT_LOC_STRINGS = YES;
				SWIFT_VERSION = 5.0;
				TARGETED_DEVICE_FAMILY = "1,2";
			};
			name = Debug;
		};
		C1EF71802BCC9D9000C39597 /* Release */ = {
			isa = XCBuildConfiguration;
			buildSettings = {
				ASSETCATALOG_COMPILER_APPICON_NAME = AppIcon;
				ASSETCATALOG_COMPILER_GLOBAL_ACCENT_COLOR_NAME = AccentColor;
				CODE_SIGN_STYLE = Automatic;
				CURRENT_PROJECT_VERSION = 1;
				DEVELOPMENT_ASSET_PATHS = "\"ExpenseTracker/Preview Content\"";
				DEVELOPMENT_TEAM = 2GG6WSV6PN;
				ENABLE_PREVIEWS = YES;
				GENERATE_INFOPLIST_FILE = YES;
				INFOPLIST_KEY_UIApplicationSceneManifest_Generation = YES;
				INFOPLIST_KEY_UIApplicationSupportsIndirectInputEvents = YES;
				INFOPLIST_KEY_UILaunchScreen_Generation = YES;
				INFOPLIST_KEY_UISupportedInterfaceOrientations_iPad = "UIInterfaceOrientationPortrait UIInterfaceOrientationPortraitUpsideDown UIInterfaceOrientationLandscapeLeft UIInterfaceOrientationLandscapeRight";
				INFOPLIST_KEY_UISupportedInterfaceOrientations_iPhone = "UIInterfaceOrientationPortrait UIInterfaceOrientationLandscapeLeft UIInterfaceOrientationLandscapeRight";
				LD_RUNPATH_SEARCH_PATHS = (
					"$(inherited)",
					"@executable_path/Frameworks",
				);
				MARKETING_VERSION = 1.0;
				PRODUCT_BUNDLE_IDENTIFIER = com.aboutmohit.ExpenseTracker;
				PRODUCT_NAME = "$(TARGET_NAME)";
				SWIFT_EMIT_LOC_STRINGS = YES;
				SWIFT_VERSION = 5.0;
				TARGETED_DEVICE_FAMILY = "1,2";
			};
			name = Release;
		};
/* End XCBuildConfiguration section */

/* Begin XCConfigurationList section */
		C1EF716B2BCC9D8E00C39597 /* Build configuration list for PBXProject "ExpenseTracker" */ = {
			isa = XCConfigurationList;
			buildConfigurations = (
				C1EF717C2BCC9D8F00C39597 /* Debug */,
				C1EF717D2BCC9D8F00C39597 /* Release */,
			);
			defaultConfigurationIsVisible = 0;
			defaultConfigurationName = Release;
		};
		C1EF717E2BCC9D9000C39597 /* Build configuration list for PBXNativeTarget "ExpenseTracker" */ = {
			isa = XCConfigurationList;
			buildConfigurations = (
				C1EF717F2BCC9D9000C39597 /* Debug */,
				C1EF71802BCC9D9000C39597 /* Release */,
			);
			defaultConfigurationIsVisible = 0;
			defaultConfigurationName = Release;
		};
/* End XCConfigurationList section */

/* Begin XCRemoteSwiftPackageReference section */
		C1AC0FF12BCDD9CA00D35DCE /* XCRemoteSwiftPackageReference "ChartView" */ = {
			isa = XCRemoteSwiftPackageReference;
			repositoryURL = "https://github.com/AppPear/ChartView";
			requirement = {
				kind = exactVersion;
				version = "2.0.0-beta.2";
			};
		};
		C1B6B8042BCDA73300EE7C3D /* XCRemoteSwiftPackageReference "SwiftUIFontIcon" */ = {
			isa = XCRemoteSwiftPackageReference;
			repositoryURL = "https://github.com/huybuidac/SwiftUIFontIcon";
			requirement = {
				branch = master;
				kind = branch;
			};
		};
		C1C9DE9D2BCDD71F00842AFE /* XCRemoteSwiftPackageReference "swift-collections" */ = {
			isa = XCRemoteSwiftPackageReference;
			repositoryURL = "https://github.com/apple/swift-collections.git";
			requirement = {
				kind = upToNextMajorVersion;
				minimumVersion = 1.1.0;
			};
		};
/* End XCRemoteSwiftPackageReference section */

/* Begin XCSwiftPackageProductDependency section */
		C1AC0FF22BCDD9CA00D35DCE /* SwiftUICharts */ = {
			isa = XCSwiftPackageProductDependency;
			package = C1AC0FF12BCDD9CA00D35DCE /* XCRemoteSwiftPackageReference "ChartView" */;
			productName = SwiftUICharts;
		};
		C1B6B8052BCDA73300EE7C3D /* SwiftUIFontIcon */ = {
			isa = XCSwiftPackageProductDependency;
			package = C1B6B8042BCDA73300EE7C3D /* XCRemoteSwiftPackageReference "SwiftUIFontIcon" */;
			productName = SwiftUIFontIcon;
		};
		C1C9DE9E2BCDD82200842AFE /* Collections */ = {
			isa = XCSwiftPackageProductDependency;
			package = C1C9DE9D2BCDD71F00842AFE /* XCRemoteSwiftPackageReference "swift-collections" */;
			productName = Collections;
		};
/* End XCSwiftPackageProductDependency section */
	};
	rootObject = C1EF71682BCC9D8E00C39597 /* Project object */;
}
